
Microsoft Visual Studio Solution File, Format Version 12.00
# Visual Studio Version 16
VisualStudioVersion = 16.0.31321.278
MinimumVisualStudioVersion = 10.0.40219.1
Project("{FAE04EC0-301F-11D3-BF4B-00C04F79EFBC}") = "HotelListing", "HotelListing\HotelListing.csproj", "{BDFDD5B8-1EBE-4F49-BC21-BACC159550DC}"
EndProject
Global
	GlobalSection(SolutionConfigurationPlatforms) = preSolution
		Debug|Any CPU = Debug|Any CPU
		Release|Any CPU = Release|Any CPU
	EndGlobalSection
	GlobalSection(ProjectConfigurationPlatforms) = postSolution
		{BDFDD5B8-1EBE-4F49-BC21-BACC159550DC}.Debug|Any CPU.ActiveCfg = Debug|Any CPU
		{BDFDD5B8-1EBE-4F49-BC21-BACC159550DC}.Debug|Any CPU.Build.0 = Debug|Any CPU
		{BDFDD5B8-1EBE-4F49-BC21-BACC159550DC}.Release|Any CPU.ActiveCfg = Release|Any CPU
		{BDFDD5B8-1EBE-4F49-BC21-BACC159550DC}.Release|Any CPU.Build.0 = Release|Any CPU
	EndGlobalSection
	GlobalSection(SolutionProperties) = preSolution
		HideSolutionNode = FALSE
	EndGlobalSection
	GlobalSection(ExtensibilityGlobals) = postSolution
		SolutionGuid = {635B219E-04D9-4BC9-AF51-D6E08423899D}
	EndGlobalSection
EndGlobal
